
Microsoft Visual Studio Solution File, Format Version 12.00
# Visual Studio Version 17
VisualStudioVersion = 17.5.33516.290
MinimumVisualStudioVersion = 10.0.40219.1
Project("{FAE04EC0-301F-11D3-BF4B-00C04F79EFBC}") = "UrashimaValidation", "UrashimaValidation\UrashimaValidation.csproj", "{56AE57FB-1208-4534-A6DF-50A0EBBA270C}"
EndProject
Project("{FAE04EC0-301F-11D3-BF4B-00C04F79EFBC}") = "Client", "Client\Client.csproj", "{3077ECC9-AC43-41F0-BBA4-9C78428FCDD6}"
EndProject
Global
	GlobalSection(SolutionConfigurationPlatforms) = preSolution
		Debug|Any CPU = Debug|Any CPU
		Release|Any CPU = Release|Any CPU
	EndGlobalSection
	GlobalSection(ProjectConfigurationPlatforms) = postSolution
		{56AE57FB-1208-4534-A6DF-50A0EBBA270C}.Debug|Any CPU.ActiveCfg = Debug|Any CPU
		{56AE57FB-1208-4534-A6DF-50A0EBBA270C}.Debug|Any CPU.Build.0 = Debug|Any CPU
		{56AE57FB-1208-4534-A6DF-50A0EBBA270C}.Release|Any CPU.ActiveCfg = Release|Any CPU
		{56AE57FB-1208-4534-A6DF-50A0EBBA270C}.Release|Any CPU.Build.0 = Release|Any CPU
		{3077ECC9-AC43-41F0-BBA4-9C78428FCDD6}.Debug|Any CPU.ActiveCfg = Debug|Any CPU
		{3077ECC9-AC43-41F0-BBA4-9C78428FCDD6}.Debug|Any CPU.Build.0 = Debug|Any CPU
		{3077ECC9-AC43-41F0-BBA4-9C78428FCDD6}.Release|Any CPU.ActiveCfg = Release|Any CPU
		{3077ECC9-AC43-41F0-BBA4-9C78428FCDD6}.Release|Any CPU.Build.0 = Release|Any CPU
	EndGlobalSection
	GlobalSection(SolutionProperties) = preSolution
		HideSolutionNode = FALSE
	EndGlobalSection
	GlobalSection(ExtensibilityGlobals) = postSolution
		SolutionGuid = {A9A1AB73-0981-44BC-A986-078C55EFD6BE}
	EndGlobalSection
EndGlobal
